<?xml version="1.0" encoding="utf-8"?>
<Project ToolsVersion="4.0" xmlns="http://schemas.microsoft.com/developer/msbuild/2003">
  <ItemGroup>
    <Filter Include="源文件">
      <UniqueIdentifier>{4FC737F1-C7A5-4376-A066-2A32D752A2FF}</UniqueIdentifier>
      <Extensions>cpp;c;cc;cxx;def;odl;idl;hpj;bat;asm;asmx</Extensions>
    </Filter>
    <Filter Include="头文件">
      <UniqueIdentifier>{93995380-89BD-4b04-88EB-625FBE52EBFB}</UniqueIdentifier>
      <Extensions>h;hh;hpp;hxx;hm;inl;inc;ipp;xsd</Extensions>
    </Filter>
    <Filter Include="资源文件">
      <UniqueIdentifier>{67DA6AB6-F800-4c08-8B7A-83BB121AAD01}</UniqueIdentifier>
      <Extensions>rc;ico;cur;bmp;dlg;rc2;rct;bin;rgs;gif;jpg;jpeg;jpe;resx;tiff;tif;png;wav;mfcribbon-ms</Extensions>
    </Filter>
  </ItemGroup>
  <ItemGroup>
    <ClCompile Include="snake.cpp">
      <Filter>源文件</Filter>
    </ClCompile>
    <ClCompile Include="main.cpp">
      <Filter>源文件</Filter>
    </ClCompile>
    <ClCompile Include="wall.cpp">
      <Filter>源文件</Filter>
    </ClCompile>
    <ClCompile Include="food.cpp">
      <Filter>源文件</Filter>
    </ClCompile>
    <ClCompile Include="canvas.cpp">
      <Filter>源文件</Filter>
    </ClCompile>
    <ClCompile Include="antialias.cpp">
      <Filter>源文件</Filter>
    </ClCompile>
    <ClCompile Include="junior.cpp">
      <Filter>源文件</Filter>
    </ClCompile>
    <ClCompile Include="file.cpp">
      <Filter>源文件</Filter>
    </ClCompile>
    <ClCompile Include="control.cpp">
      <Filter>源文件</Filter>
    </ClCompile>
    <ClCompile Include="PVP.cpp">
      <Filter>源文件</Filter>
    </ClCompile>
    <ClCompile Include="PVE.cpp">
      <Filter>源文件</Filter>
    </ClCompile>
    <ClCompile Include="AI.cpp">
      <Filter>源文件</Filter>
    </ClCompile>
    <ClCompile Include="host.cpp">
      <Filter>源文件</Filter>
    </ClCompile>
    <ClCompile Include="Client.cpp">
      <Filter>源文件</Filter>
    </ClCompile>
    <ClCompile Include="slave.cpp">
      <Filter>源文件</Filter>
    </ClCompile>
  </ItemGroup>
  <ItemGroup>
    <ClInclude Include="main.h">
      <Filter>头文件</Filter>
    </ClInclude>
    <ClInclude Include="snake.h">
      <Filter>头文件</Filter>
    </ClInclude>
    <ClInclude Include="wall.h">
      <Filter>头文件</Filter>
    </ClInclude>
    <ClInclude Include="food.h">
      <Filter>头文件</Filter>
    </ClInclude>
    <ClInclude Include="canvas.h">
      <Filter>头文件</Filter>
    </ClInclude>
    <ClInclude Include="antialias.h">
      <Filter>头文件</Filter>
    </ClInclude>
    <ClInclude Include="junior.h">
      <Filter>头文件</Filter>
    </ClInclude>
    <ClInclude Include="general.h">
      <Filter>头文件</Filter>
    </ClInclude>
    <ClInclude Include="file.h">
      <Filter>头文件</Filter>
    </ClInclude>
    <ClInclude Include="control.h">
      <Filter>头文件</Filter>
    </ClInclude>
    <ClInclude Include="AI.h">
      <Filter>头文件</Filter>
    </ClInclude>
    <ClInclude Include="PVP.h">
      <Filter>头文件</Filter>
    </ClInclude>
    <ClInclude Include="PVE.h">
      <Filter>头文件</Filter>
    </ClInclude>
    <ClInclude Include="Client.h">
      <Filter>头文件</Filter>
    </ClInclude>
    <ClInclude Include="host.h">
      <Filter>头文件</Filter>
    </ClInclude>
    <ClInclude Include="slave.h">
      <Filter>头文件</Filter>
    </ClInclude>
  </ItemGroup>
</Project>